
Microsoft Visual Studio Solution File, Format Version 12.00
# Visual Studio Version 17
VisualStudioVersion = 17.5.002.0
MinimumVisualStudioVersion = 10.0.40219.1
Project("{9A19103F-16F7-4668-BE54-9A1E7A4F7556}") = "BlockNote", "BlockNote.csproj", "{B169F604-F336-4D0C-92A5-A62430FB45F7}"
EndProject
Global
	GlobalSection(SolutionConfigurationPlatforms) = preSolution
		Debug|Any CPU = Debug|Any CPU
		Release|Any CPU = Release|Any CPU
	EndGlobalSection
	GlobalSection(ProjectConfigurationPlatforms) = postSolution
		{B169F604-F336-4D0C-92A5-A62430FB45F7}.Debug|Any CPU.ActiveCfg = Debug|Any CPU
		{B169F604-F336-4D0C-92A5-A62430FB45F7}.Debug|Any CPU.Build.0 = Debug|Any CPU
		{B169F604-F336-4D0C-92A5-A62430FB45F7}.Release|Any CPU.ActiveCfg = Release|Any CPU
		{B169F604-F336-4D0C-92A5-A62430FB45F7}.Release|Any CPU.Build.0 = Release|Any CPU
	EndGlobalSection
	GlobalSection(SolutionProperties) = preSolution
		HideSolutionNode = FALSE
	EndGlobalSection
	GlobalSection(ExtensibilityGlobals) = postSolution
		SolutionGuid = {0C3550E7-55A6-4C91-8E24-FAADFCFF4646}
	EndGlobalSection
EndGlobal
